
Microsoft Visual Studio Solution File, Format Version 12.00
# Visual Studio 2012
Project("{FAE04EC0-301F-11D3-BF4B-00C04F79EFBC}") = "Micro1140", "Micro1140\Micro1140.csproj", "{C2A5EBA9-8962-45CB-8482-E3A597665533}"
EndProject
Project("{FAE04EC0-301F-11D3-BF4B-00C04F79EFBC}") = "Micro1140.Cpu", "Micro1140.Cpu\Micro1140.Cpu.csproj", "{1B3864C6-EDAF-49A0-A546-95229BAA2873}"
EndProject
Project("{FAE04EC0-301F-11D3-BF4B-00C04F79EFBC}") = "Micro1140.CpuTests", "Micro1140.CpuTests\Micro1140.CpuTests.csproj", "{F3880F95-29B3-40E6-900A-DBA223045BED}"
EndProject
Global
	GlobalSection(SolutionConfigurationPlatforms) = preSolution
		Debug|Any CPU = Debug|Any CPU
		Release|Any CPU = Release|Any CPU
	EndGlobalSection
	GlobalSection(ProjectConfigurationPlatforms) = postSolution
		{C2A5EBA9-8962-45CB-8482-E3A597665533}.Debug|Any CPU.ActiveCfg = Debug|Any CPU
		{C2A5EBA9-8962-45CB-8482-E3A597665533}.Debug|Any CPU.Build.0 = Debug|Any CPU
		{C2A5EBA9-8962-45CB-8482-E3A597665533}.Debug|Any CPU.Deploy.0 = Debug|Any CPU
		{C2A5EBA9-8962-45CB-8482-E3A597665533}.Release|Any CPU.ActiveCfg = Release|Any CPU
		{C2A5EBA9-8962-45CB-8482-E3A597665533}.Release|Any CPU.Build.0 = Release|Any CPU
		{C2A5EBA9-8962-45CB-8482-E3A597665533}.Release|Any CPU.Deploy.0 = Release|Any CPU
		{1B3864C6-EDAF-49A0-A546-95229BAA2873}.Debug|Any CPU.ActiveCfg = Debug|Any CPU
		{1B3864C6-EDAF-49A0-A546-95229BAA2873}.Debug|Any CPU.Build.0 = Debug|Any CPU
		{1B3864C6-EDAF-49A0-A546-95229BAA2873}.Release|Any CPU.ActiveCfg = Release|Any CPU
		{1B3864C6-EDAF-49A0-A546-95229BAA2873}.Release|Any CPU.Build.0 = Release|Any CPU
		{F3880F95-29B3-40E6-900A-DBA223045BED}.Debug|Any CPU.ActiveCfg = Debug|Any CPU
		{F3880F95-29B3-40E6-900A-DBA223045BED}.Debug|Any CPU.Build.0 = Debug|Any CPU
		{F3880F95-29B3-40E6-900A-DBA223045BED}.Debug|Any CPU.Deploy.0 = Debug|Any CPU
		{F3880F95-29B3-40E6-900A-DBA223045BED}.Release|Any CPU.ActiveCfg = Release|Any CPU
		{F3880F95-29B3-40E6-900A-DBA223045BED}.Release|Any CPU.Build.0 = Release|Any CPU
		{F3880F95-29B3-40E6-900A-DBA223045BED}.Release|Any CPU.Deploy.0 = Release|Any CPU
	EndGlobalSection
	GlobalSection(SolutionProperties) = preSolution
		HideSolutionNode = FALSE
	EndGlobalSection
EndGlobal
